
Microsoft Visual Studio Solution File, Format Version 12.00
# Visual Studio Version 16
VisualStudioVersion = 16.0.31729.503
MinimumVisualStudioVersion = 10.0.40219.1
Project("{FAE04EC0-301F-11D3-BF4B-00C04F79EFBC}") = "SkillboxHW20", "SkillboxHW20\SkillboxHW20.csproj", "{1E50F23C-93BC-45F9-BF8E-55CA4A7E57FC}"
EndProject
Global
	GlobalSection(SolutionConfigurationPlatforms) = preSolution
		Debug|Any CPU = Debug|Any CPU
		Release|Any CPU = Release|Any CPU
	EndGlobalSection
	GlobalSection(ProjectConfigurationPlatforms) = postSolution
		{1E50F23C-93BC-45F9-BF8E-55CA4A7E57FC}.Debug|Any CPU.ActiveCfg = Debug|Any CPU
		{1E50F23C-93BC-45F9-BF8E-55CA4A7E57FC}.Debug|Any CPU.Build.0 = Debug|Any CPU
		{1E50F23C-93BC-45F9-BF8E-55CA4A7E57FC}.Release|Any CPU.ActiveCfg = Release|Any CPU
		{1E50F23C-93BC-45F9-BF8E-55CA4A7E57FC}.Release|Any CPU.Build.0 = Release|Any CPU
	EndGlobalSection
	GlobalSection(SolutionProperties) = preSolution
		HideSolutionNode = FALSE
	EndGlobalSection
	GlobalSection(ExtensibilityGlobals) = postSolution
		SolutionGuid = {D603C679-256C-4C52-9B68-54ADF890F28F}
	EndGlobalSection
EndGlobal
